
Microsoft Visual Studio Solution File, Format Version 12.00
# Visual Studio Version 16
VisualStudioVersion = 25.0.1703.8
MinimumVisualStudioVersion = 10.0.40219.1
Project("{FAE04EC0-301F-11D3-BF4B-00C04F79EFBC}") = "ProyectoReportes", "ProyectoReportes\ProyectoReportes.csproj", "{D81B2A32-8FBC-492D-9C11-A197900373CD}"
EndProject
Global
	GlobalSection(SolutionConfigurationPlatforms) = preSolution
		Debug|Any CPU = Debug|Any CPU
		Release|Any CPU = Release|Any CPU
	EndGlobalSection
	GlobalSection(ProjectConfigurationPlatforms) = postSolution
		{D81B2A32-8FBC-492D-9C11-A197900373CD}.Debug|Any CPU.ActiveCfg = Debug|Any CPU
		{D81B2A32-8FBC-492D-9C11-A197900373CD}.Debug|Any CPU.Build.0 = Debug|Any CPU
		{D81B2A32-8FBC-492D-9C11-A197900373CD}.Release|Any CPU.ActiveCfg = Release|Any CPU
		{D81B2A32-8FBC-492D-9C11-A197900373CD}.Release|Any CPU.Build.0 = Release|Any CPU
	EndGlobalSection
	GlobalSection(SolutionProperties) = preSolution
		HideSolutionNode = FALSE
	EndGlobalSection
	GlobalSection(ExtensibilityGlobals) = postSolution
		SolutionGuid = {882B19B3-1036-4CB5-B9D3-45D2D50FFAEF}
	EndGlobalSection
EndGlobal
